
Microsoft Visual Studio Solution File, Format Version 12.00
# Visual Studio 15
VisualStudioVersion = 15.0.28307.329
MinimumVisualStudioVersion = 10.0.40219.1
Project("{FAE04EC0-301F-11D3-BF4B-00C04F79EFBC}") = "Server", "Server\Server.csproj", "{ED9A7553-956C-429C-B835-6766138DF409}"
EndProject
Project("{9A19103F-16F7-4668-BE54-9A1E7A4F7556}") = "Database.Dummy", "Database.Dummy\Database.Dummy.csproj", "{48CD2FF0-50B2-43DE-98D2-D218FF8F7606}"
EndProject
Project("{FAE04EC0-301F-11D3-BF4B-00C04F79EFBC}") = "Networking.Client.Application", "Networking.Client.Application\Networking.Client.Application.csproj", "{5AF9F069-8B7E-4154-9900-8BF0756B1918}"
EndProject
Project("{9A19103F-16F7-4668-BE54-9A1E7A4F7556}") = "Sockets.DataStructures", "Sockets.DataStructures\Sockets.DataStructures.csproj", "{952A46FB-C595-4D88-8B29-5AA9F21BDC4B}"
EndProject
Project("{9A19103F-16F7-4668-BE54-9A1E7A4F7556}") = "User.System.Core", "User.System.Core\User.System.Core.csproj", "{CC401D8B-F2D5-476E-8544-9AFFE08135CB}"
EndProject
Global
	GlobalSection(SolutionConfigurationPlatforms) = preSolution
		Debug|Any CPU = Debug|Any CPU
		Release|Any CPU = Release|Any CPU
	EndGlobalSection
	GlobalSection(ProjectConfigurationPlatforms) = postSolution
		{ED9A7553-956C-429C-B835-6766138DF409}.Debug|Any CPU.ActiveCfg = Debug|Any CPU
		{ED9A7553-956C-429C-B835-6766138DF409}.Debug|Any CPU.Build.0 = Debug|Any CPU
		{ED9A7553-956C-429C-B835-6766138DF409}.Release|Any CPU.ActiveCfg = Release|Any CPU
		{ED9A7553-956C-429C-B835-6766138DF409}.Release|Any CPU.Build.0 = Release|Any CPU
		{48CD2FF0-50B2-43DE-98D2-D218FF8F7606}.Debug|Any CPU.ActiveCfg = Debug|Any CPU
		{48CD2FF0-50B2-43DE-98D2-D218FF8F7606}.Debug|Any CPU.Build.0 = Debug|Any CPU
		{48CD2FF0-50B2-43DE-98D2-D218FF8F7606}.Release|Any CPU.ActiveCfg = Release|Any CPU
		{48CD2FF0-50B2-43DE-98D2-D218FF8F7606}.Release|Any CPU.Build.0 = Release|Any CPU
		{5AF9F069-8B7E-4154-9900-8BF0756B1918}.Debug|Any CPU.ActiveCfg = Debug|Any CPU
		{5AF9F069-8B7E-4154-9900-8BF0756B1918}.Debug|Any CPU.Build.0 = Debug|Any CPU
		{5AF9F069-8B7E-4154-9900-8BF0756B1918}.Release|Any CPU.ActiveCfg = Release|Any CPU
		{5AF9F069-8B7E-4154-9900-8BF0756B1918}.Release|Any CPU.Build.0 = Release|Any CPU
		{952A46FB-C595-4D88-8B29-5AA9F21BDC4B}.Debug|Any CPU.ActiveCfg = Debug|Any CPU
		{952A46FB-C595-4D88-8B29-5AA9F21BDC4B}.Debug|Any CPU.Build.0 = Debug|Any CPU
		{952A46FB-C595-4D88-8B29-5AA9F21BDC4B}.Release|Any CPU.ActiveCfg = Release|Any CPU
		{952A46FB-C595-4D88-8B29-5AA9F21BDC4B}.Release|Any CPU.Build.0 = Release|Any CPU
		{CC401D8B-F2D5-476E-8544-9AFFE08135CB}.Debug|Any CPU.ActiveCfg = Debug|Any CPU
		{CC401D8B-F2D5-476E-8544-9AFFE08135CB}.Debug|Any CPU.Build.0 = Debug|Any CPU
		{CC401D8B-F2D5-476E-8544-9AFFE08135CB}.Release|Any CPU.ActiveCfg = Release|Any CPU
		{CC401D8B-F2D5-476E-8544-9AFFE08135CB}.Release|Any CPU.Build.0 = Release|Any CPU
	EndGlobalSection
	GlobalSection(SolutionProperties) = preSolution
		HideSolutionNode = FALSE
	EndGlobalSection
	GlobalSection(ExtensibilityGlobals) = postSolution
		SolutionGuid = {5D1897A9-7BC6-4BD6-9BE9-35D9D9AF3F21}
	EndGlobalSection
EndGlobal
