
Microsoft Visual Studio Solution File, Format Version 12.00
# Visual Studio 15
VisualStudioVersion = 15.0.28307.329
MinimumVisualStudioVersion = 10.0.40219.1
Project("{FAE04EC0-301F-11D3-BF4B-00C04F79EFBC}") = "Server", "Server\Server.csproj", "{ED9A7553-956C-429C-B835-6766138DF409}"
EndProject
Project("{9A19103F-16F7-4668-BE54-9A1E7A4F7556}") = "User.System.Core", "..\Client Application\User.System.Core\User.System.Core.csproj", "{1D97737E-CA2E-4C2A-8CA1-031DE928CE31}"
EndProject
Project("{FAE04EC0-301F-11D3-BF4B-00C04F79EFBC}") = "Networking.Client.Application", "..\Client Application\Sockets.Client.App\Networking.Client.Application\Networking.Client.Application.csproj", "{5AF9F069-8B7E-4154-9900-8BF0756B1918}"
EndProject
Project("{9A19103F-16F7-4668-BE54-9A1E7A4F7556}") = "Sockets.DataStructures", "..\Socket Program\NetworkingApplication\Sockets.DataStructures\Sockets.DataStructures.csproj", "{60644599-ED72-47BC-A753-36D776804141}"
EndProject
Project("{9A19103F-16F7-4668-BE54-9A1E7A4F7556}") = "Database.Dummy", "..\Client Application\Database.Dummy\Database.Dummy.csproj", "{FE2E796E-B7BE-4D5A-BAB1-7B994BDEA2DC}"
EndProject
Global
	GlobalSection(SolutionConfigurationPlatforms) = preSolution
		Debug|Any CPU = Debug|Any CPU
		Release|Any CPU = Release|Any CPU
	EndGlobalSection
	GlobalSection(ProjectConfigurationPlatforms) = postSolution
		{ED9A7553-956C-429C-B835-6766138DF409}.Debug|Any CPU.ActiveCfg = Debug|Any CPU
		{ED9A7553-956C-429C-B835-6766138DF409}.Debug|Any CPU.Build.0 = Debug|Any CPU
		{ED9A7553-956C-429C-B835-6766138DF409}.Release|Any CPU.ActiveCfg = Release|Any CPU
		{ED9A7553-956C-429C-B835-6766138DF409}.Release|Any CPU.Build.0 = Release|Any CPU
		{1D97737E-CA2E-4C2A-8CA1-031DE928CE31}.Debug|Any CPU.ActiveCfg = Debug|Any CPU
		{1D97737E-CA2E-4C2A-8CA1-031DE928CE31}.Debug|Any CPU.Build.0 = Debug|Any CPU
		{1D97737E-CA2E-4C2A-8CA1-031DE928CE31}.Release|Any CPU.ActiveCfg = Release|Any CPU
		{1D97737E-CA2E-4C2A-8CA1-031DE928CE31}.Release|Any CPU.Build.0 = Release|Any CPU
		{5AF9F069-8B7E-4154-9900-8BF0756B1918}.Debug|Any CPU.ActiveCfg = Debug|Any CPU
		{5AF9F069-8B7E-4154-9900-8BF0756B1918}.Debug|Any CPU.Build.0 = Debug|Any CPU
		{5AF9F069-8B7E-4154-9900-8BF0756B1918}.Release|Any CPU.ActiveCfg = Release|Any CPU
		{5AF9F069-8B7E-4154-9900-8BF0756B1918}.Release|Any CPU.Build.0 = Release|Any CPU
		{60644599-ED72-47BC-A753-36D776804141}.Debug|Any CPU.ActiveCfg = Debug|Any CPU
		{60644599-ED72-47BC-A753-36D776804141}.Debug|Any CPU.Build.0 = Debug|Any CPU
		{60644599-ED72-47BC-A753-36D776804141}.Release|Any CPU.ActiveCfg = Release|Any CPU
		{60644599-ED72-47BC-A753-36D776804141}.Release|Any CPU.Build.0 = Release|Any CPU
		{FE2E796E-B7BE-4D5A-BAB1-7B994BDEA2DC}.Debug|Any CPU.ActiveCfg = Debug|Any CPU
		{FE2E796E-B7BE-4D5A-BAB1-7B994BDEA2DC}.Debug|Any CPU.Build.0 = Debug|Any CPU
		{FE2E796E-B7BE-4D5A-BAB1-7B994BDEA2DC}.Release|Any CPU.ActiveCfg = Release|Any CPU
		{FE2E796E-B7BE-4D5A-BAB1-7B994BDEA2DC}.Release|Any CPU.Build.0 = Release|Any CPU
	EndGlobalSection
	GlobalSection(SolutionProperties) = preSolution
		HideSolutionNode = FALSE
	EndGlobalSection
	GlobalSection(ExtensibilityGlobals) = postSolution
		SolutionGuid = {5D1897A9-7BC6-4BD6-9BE9-35D9D9AF3F21}
	EndGlobalSection
EndGlobal
